// !$*UTF8*$!
{
	archiveVersion = 1;
	classes = {
	};
	objectVersion = 56;
	objects = {

/* Begin PBXBuildFile section */
		4131E7352AE454DA00FCB1A1 /* Observable.swift in Sources */ = {isa = PBXBuildFile; fileRef = 4131E7342AE454D900FCB1A1 /* Observable.swift */; };
		4174CAC32ADDB22100BB2D17 /* AppDelegate.swift in Sources */ = {isa = PBXBuildFile; fileRef = 4174CAC22ADDB22100BB2D17 /* AppDelegate.swift */; };
		4174CAC52ADDB22100BB2D17 /* SceneDelegate.swift in Sources */ = {isa = PBXBuildFile; fileRef = 4174CAC42ADDB22100BB2D17 /* SceneDelegate.swift */; };
		4174CACC2ADDB22300BB2D17 /* Assets.xcassets in Resources */ = {isa = PBXBuildFile; fileRef = 4174CACB2ADDB22300BB2D17 /* Assets.xcassets */; };
		4174CACF2ADDB22300BB2D17 /* LaunchScreen.storyboard in Resources */ = {isa = PBXBuildFile; fileRef = 4174CACD2ADDB22300BB2D17 /* LaunchScreen.storyboard */; };
		4174CAD92ADDB3F100BB2D17 /* HomeViewController.swift in Sources */ = {isa = PBXBuildFile; fileRef = 4174CAD72ADDB3F100BB2D17 /* HomeViewController.swift */; };
		4174CADA2ADDB3F100BB2D17 /* HomeViewController.xib in Resources */ = {isa = PBXBuildFile; fileRef = 4174CAD82ADDB3F100BB2D17 /* HomeViewController.xib */; };
		4174CAE42ADDBACF00BB2D17 /* HomeViewController+TableView.swift in Sources */ = {isa = PBXBuildFile; fileRef = 4174CAE32ADDBACF00BB2D17 /* HomeViewController+TableView.swift */; };
		4174CAE62ADDBBF200BB2D17 /* HomeViewModel.swift in Sources */ = {isa = PBXBuildFile; fileRef = 4174CAE52ADDBBF200BB2D17 /* HomeViewModel.swift */; };
		4174CAE82ADDC32A00BB2D17 /* NetworkConstant.swift in Sources */ = {isa = PBXBuildFile; fileRef = 4174CAE72ADDC32A00BB2D17 /* NetworkConstant.swift */; };
		4174CAEA2ADDC44800BB2D17 /* APICaller.swift in Sources */ = {isa = PBXBuildFile; fileRef = 4174CAE92ADDC44800BB2D17 /* APICaller.swift */; };
		4174CAEC2ADDC47800BB2D17 /* TrendingMovieModel.swift in Sources */ = {isa = PBXBuildFile; fileRef = 4174CAEB2ADDC47800BB2D17 /* TrendingMovieModel.swift */; };
		41E02E502AE6E1240055513D /* MainMovieCell.swift in Sources */ = {isa = PBXBuildFile; fileRef = 41E02E4E2AE6E1240055513D /* MainMovieCell.swift */; };
		41E02E512AE6E1240055513D /* MainMovieCell.xib in Resources */ = {isa = PBXBuildFile; fileRef = 41E02E4F2AE6E1240055513D /* MainMovieCell.xib */; };
		41E02E532AE6E40C0055513D /* UIView+Extensions.swift in Sources */ = {isa = PBXBuildFile; fileRef = 41E02E522AE6E40C0055513D /* UIView+Extensions.swift */; };
		41E02E552AE6E65E0055513D /* MovieTableCellViewModel.swift in Sources */ = {isa = PBXBuildFile; fileRef = 41E02E542AE6E65E0055513D /* MovieTableCellViewModel.swift */; };
		41E02E582AE6E8680055513D /* SDWebImage in Frameworks */ = {isa = PBXBuildFile; productRef = 41E02E572AE6E8680055513D /* SDWebImage */; };
		41E02E5A2AE6E8680055513D /* SDWebImageMapKit in Frameworks */ = {isa = PBXBuildFile; productRef = 41E02E592AE6E8680055513D /* SDWebImageMapKit */; };
/* End PBXBuildFile section */

/* Begin PBXFileReference section */
		4131E7342AE454D900FCB1A1 /* Observable.swift */ = {isa = PBXFileReference; lastKnownFileType = sourcecode.swift; path = Observable.swift; sourceTree = "<group>"; };
		4174CABF2ADDB22100BB2D17 /* MVVM Movie.app */ = {isa = PBXFileReference; explicitFileType = wrapper.application; includeInIndex = 0; path = "MVVM Movie.app"; sourceTree = BUILT_PRODUCTS_DIR; };
		4174CAC22ADDB22100BB2D17 /* AppDelegate.swift */ = {isa = PBXFileReference; lastKnownFileType = sourcecode.swift; path = AppDelegate.swift; sourceTree = "<group>"; };
		4174CAC42ADDB22100BB2D17 /* SceneDelegate.swift */ = {isa = PBXFileReference; lastKnownFileType = sourcecode.swift; path = SceneDelegate.swift; sourceTree = "<group>"; };
		4174CACB2ADDB22300BB2D17 /* Assets.xcassets */ = {isa = PBXFileReference; lastKnownFileType = folder.assetcatalog; path = Assets.xcassets; sourceTree = "<group>"; };
		4174CACE2ADDB22300BB2D17 /* Base */ = {isa = PBXFileReference; lastKnownFileType = file.storyboard; name = Base; path = Base.lproj/LaunchScreen.storyboard; sourceTree = "<group>"; };
		4174CAD02ADDB22300BB2D17 /* Info.plist */ = {isa = PBXFileReference; lastKnownFileType = text.plist.xml; path = Info.plist; sourceTree = "<group>"; };
		4174CAD72ADDB3F100BB2D17 /* HomeViewController.swift */ = {isa = PBXFileReference; lastKnownFileType = sourcecode.swift; path = HomeViewController.swift; sourceTree = "<group>"; };
		4174CAD82ADDB3F100BB2D17 /* HomeViewController.xib */ = {isa = PBXFileReference; lastKnownFileType = file.xib; path = HomeViewController.xib; sourceTree = "<group>"; };
		4174CAE32ADDBACF00BB2D17 /* HomeViewController+TableView.swift */ = {isa = PBXFileReference; lastKnownFileType = sourcecode.swift; path = "HomeViewController+TableView.swift"; sourceTree = "<group>"; };
		4174CAE52ADDBBF200BB2D17 /* HomeViewModel.swift */ = {isa = PBXFileReference; lastKnownFileType = sourcecode.swift; path = HomeViewModel.swift; sourceTree = "<group>"; };
		4174CAE72ADDC32A00BB2D17 /* NetworkConstant.swift */ = {isa = PBXFileReference; lastKnownFileType = sourcecode.swift; path = NetworkConstant.swift; sourceTree = "<group>"; };
		4174CAE92ADDC44800BB2D17 /* APICaller.swift */ = {isa = PBXFileReference; lastKnownFileType = sourcecode.swift; path = APICaller.swift; sourceTree = "<group>"; };
		4174CAEB2ADDC47800BB2D17 /* TrendingMovieModel.swift */ = {isa = PBXFileReference; lastKnownFileType = sourcecode.swift; path = TrendingMovieModel.swift; sourceTree = "<group>"; };
		41E02E4E2AE6E1240055513D /* MainMovieCell.swift */ = {isa = PBXFileReference; lastKnownFileType = sourcecode.swift; path = MainMovieCell.swift; sourceTree = "<group>"; };
		41E02E4F2AE6E1240055513D /* MainMovieCell.xib */ = {isa = PBXFileReference; lastKnownFileType = file.xib; path = MainMovieCell.xib; sourceTree = "<group>"; };
		41E02E522AE6E40C0055513D /* UIView+Extensions.swift */ = {isa = PBXFileReference; lastKnownFileType = sourcecode.swift; path = "UIView+Extensions.swift"; sourceTree = "<group>"; };
		41E02E542AE6E65E0055513D /* MovieTableCellViewModel.swift */ = {isa = PBXFileReference; lastKnownFileType = sourcecode.swift; path = MovieTableCellViewModel.swift; sourceTree = "<group>"; };
/* End PBXFileReference section */

/* Begin PBXFrameworksBuildPhase section */
		4174CABC2ADDB22100BB2D17 /* Frameworks */ = {
			isa = PBXFrameworksBuildPhase;
			buildActionMask = 2147483647;
			files = (
				41E02E5A2AE6E8680055513D /* SDWebImageMapKit in Frameworks */,
				41E02E582AE6E8680055513D /* SDWebImage in Frameworks */,
			);
			runOnlyForDeploymentPostprocessing = 0;
		};
/* End PBXFrameworksBuildPhase section */

/* Begin PBXGroup section */
		4174CAB62ADDB22100BB2D17 = {
			isa = PBXGroup;
			children = (
				4174CAC12ADDB22100BB2D17 /* MVVM Movie */,
				4174CAC02ADDB22100BB2D17 /* Products */,
			);
			sourceTree = "<group>";
		};
		4174CAC02ADDB22100BB2D17 /* Products */ = {
			isa = PBXGroup;
			children = (
				4174CABF2ADDB22100BB2D17 /* MVVM Movie.app */,
			);
			name = Products;
			sourceTree = "<group>";
		};
		4174CAC12ADDB22100BB2D17 /* MVVM Movie */ = {
			isa = PBXGroup;
			children = (
				4174CADB2ADDB47700BB2D17 /* Networking */,
				4174CAD62ADDB3E100BB2D17 /* Controllers */,
				4174CADC2ADDB47B00BB2D17 /* Model */,
				4174CADD2ADDB48100BB2D17 /* View */,
				4174CADE2ADDB48700BB2D17 /* ViewModel */,
				4174CADF2ADDB48A00BB2D17 /* Classes */,
				4174CAE12ADDB49800BB2D17 /* Extensions */,
				4174CAE02ADDB49000BB2D17 /* Resources */,
				4174CAC42ADDB22100BB2D17 /* SceneDelegate.swift */,
				4174CAD02ADDB22300BB2D17 /* Info.plist */,
			);
			path = "MVVM Movie";
			sourceTree = "<group>";
		};
		4174CAD62ADDB3E100BB2D17 /* Controllers */ = {
			isa = PBXGroup;
			children = (
				4174CAE22ADDBAB700BB2D17 /* MainViewController */,
			);
			path = Controllers;
			sourceTree = "<group>";
		};
		4174CADB2ADDB47700BB2D17 /* Networking */ = {
			isa = PBXGroup;
			children = (
				4174CAE72ADDC32A00BB2D17 /* NetworkConstant.swift */,
				4174CAE92ADDC44800BB2D17 /* APICaller.swift */,
			);
			path = Networking;
			sourceTree = "<group>";
		};
		4174CADC2ADDB47B00BB2D17 /* Model */ = {
			isa = PBXGroup;
			children = (
				4174CAEB2ADDC47800BB2D17 /* TrendingMovieModel.swift */,
			);
			path = Model;
			sourceTree = "<group>";
		};
		4174CADD2ADDB48100BB2D17 /* View */ = {
			isa = PBXGroup;
			children = (
				41E02E4D2AE6E1010055513D /* MainMovieCell */,
				4174CAC22ADDB22100BB2D17 /* AppDelegate.swift */,
				4174CACD2ADDB22300BB2D17 /* LaunchScreen.storyboard */,
			);
			path = View;
			sourceTree = "<group>";
		};
		4174CADE2ADDB48700BB2D17 /* ViewModel */ = {
			isa = PBXGroup;
			children = (
				4174CAE52ADDBBF200BB2D17 /* HomeViewModel.swift */,
				41E02E542AE6E65E0055513D /* MovieTableCellViewModel.swift */,
			);
			path = ViewModel;
			sourceTree = "<group>";
		};
		4174CADF2ADDB48A00BB2D17 /* Classes */ = {
			isa = PBXGroup;
			children = (
				4131E7342AE454D900FCB1A1 /* Observable.swift */,
			);
			path = Classes;
			sourceTree = "<group>";
		};
		4174CAE02ADDB49000BB2D17 /* Resources */ = {
			isa = PBXGroup;
			children = (
				4174CACB2ADDB22300BB2D17 /* Assets.xcassets */,
			);
			path = Resources;
			sourceTree = "<group>";
		};
		4174CAE12ADDB49800BB2D17 /* Extensions */ = {
			isa = PBXGroup;
			children = (
				41E02E522AE6E40C0055513D /* UIView+Extensions.swift */,
			);
			path = Extensions;
			sourceTree = "<group>";
		};
		4174CAE22ADDBAB700BB2D17 /* MainViewController */ = {
			isa = PBXGroup;
			children = (
				4174CAD72ADDB3F100BB2D17 /* HomeViewController.swift */,
				4174CAD82ADDB3F100BB2D17 /* HomeViewController.xib */,
				4174CAE32ADDBACF00BB2D17 /* HomeViewController+TableView.swift */,
			);
			path = MainViewController;
			sourceTree = "<group>";
		};
		41E02E4D2AE6E1010055513D /* MainMovieCell */ = {
			isa = PBXGroup;
			children = (
				41E02E4E2AE6E1240055513D /* MainMovieCell.swift */,
				41E02E4F2AE6E1240055513D /* MainMovieCell.xib */,
			);
			path = MainMovieCell;
			sourceTree = "<group>";
		};
/* End PBXGroup section */

/* Begin PBXNativeTarget section */
		4174CABE2ADDB22100BB2D17 /* MVVM Movie */ = {
			isa = PBXNativeTarget;
			buildConfigurationList = 4174CAD32ADDB22300BB2D17 /* Build configuration list for PBXNativeTarget "MVVM Movie" */;
			buildPhases = (
				4174CABB2ADDB22100BB2D17 /* Sources */,
				4174CABC2ADDB22100BB2D17 /* Frameworks */,
				4174CABD2ADDB22100BB2D17 /* Resources */,
			);
			buildRules = (
			);
			dependencies = (
			);
			name = "MVVM Movie";
			packageProductDependencies = (
				41E02E572AE6E8680055513D /* SDWebImage */,
				41E02E592AE6E8680055513D /* SDWebImageMapKit */,
			);
			productName = "MVVM Movie";
			productReference = 4174CABF2ADDB22100BB2D17 /* MVVM Movie.app */;
			productType = "com.apple.product-type.application";
		};
/* End PBXNativeTarget section */

/* Begin PBXProject section */
		4174CAB72ADDB22100BB2D17 /* Project object */ = {
			isa = PBXProject;
			attributes = {
				BuildIndependentTargetsInParallel = 1;
				LastSwiftUpdateCheck = 1500;
				LastUpgradeCheck = 1500;
				TargetAttributes = {
					4174CABE2ADDB22100BB2D17 = {
						CreatedOnToolsVersion = 15.0;
					};
				};
			};
			buildConfigurationList = 4174CABA2ADDB22100BB2D17 /* Build configuration list for PBXProject "MVVM Movie" */;
			compatibilityVersion = "Xcode 14.0";
			developmentRegion = en;
			hasScannedForEncodings = 0;
			knownRegions = (
				en,
				Base,
			);
			mainGroup = 4174CAB62ADDB22100BB2D17;
			packageReferences = (
				41E02E562AE6E8680055513D /* XCRemoteSwiftPackageReference "SDWebImage" */,
			);
			productRefGroup = 4174CAC02ADDB22100BB2D17 /* Products */;
			projectDirPath = "";
			projectRoot = "";
			targets = (
				4174CABE2ADDB22100BB2D17 /* MVVM Movie */,
			);
		};
/* End PBXProject section */

/* Begin PBXResourcesBuildPhase section */
		4174CABD2ADDB22100BB2D17 /* Resources */ = {
			isa = PBXResourcesBuildPhase;
			buildActionMask = 2147483647;
			files = (
				4174CACF2ADDB22300BB2D17 /* LaunchScreen.storyboard in Resources */,
				4174CACC2ADDB22300BB2D17 /* Assets.xcassets in Resources */,
				4174CADA2ADDB3F100BB2D17 /* HomeViewController.xib in Resources */,
				41E02E512AE6E1240055513D /* MainMovieCell.xib in Resources */,
			);
			runOnlyForDeploymentPostprocessing = 0;
		};
/* End PBXResourcesBuildPhase section */

/* Begin PBXSourcesBuildPhase section */
		4174CABB2ADDB22100BB2D17 /* Sources */ = {
			isa = PBXSourcesBuildPhase;
			buildActionMask = 2147483647;
			files = (
				4174CAE62ADDBBF200BB2D17 /* HomeViewModel.swift in Sources */,
				4174CAC32ADDB22100BB2D17 /* AppDelegate.swift in Sources */,
				4174CAC52ADDB22100BB2D17 /* SceneDelegate.swift in Sources */,
				4174CAEA2ADDC44800BB2D17 /* APICaller.swift in Sources */,
				4131E7352AE454DA00FCB1A1 /* Observable.swift in Sources */,
				41E02E502AE6E1240055513D /* MainMovieCell.swift in Sources */,
				4174CAD92ADDB3F100BB2D17 /* HomeViewController.swift in Sources */,
				4174CAE82ADDC32A00BB2D17 /* NetworkConstant.swift in Sources */,
				41E02E552AE6E65E0055513D /* MovieTableCellViewModel.swift in Sources */,
				4174CAE42ADDBACF00BB2D17 /* HomeViewController+TableView.swift in Sources */,
				4174CAEC2ADDC47800BB2D17 /* TrendingMovieModel.swift in Sources */,
				41E02E532AE6E40C0055513D /* UIView+Extensions.swift in Sources */,
			);
			runOnlyForDeploymentPostprocessing = 0;
		};
/* End PBXSourcesBuildPhase section */

/* Begin PBXVariantGroup section */
		4174CACD2ADDB22300BB2D17 /* LaunchScreen.storyboard */ = {
			isa = PBXVariantGroup;
			children = (
				4174CACE2ADDB22300BB2D17 /* Base */,
			);
			name = LaunchScreen.storyboard;
			sourceTree = "<group>";
		};
/* End PBXVariantGroup section */

/* Begin XCBuildConfiguration section */
		4174CAD12ADDB22300BB2D17 /* Debug */ = {
			isa = XCBuildConfiguration;
			buildSettings = {
				ALWAYS_SEARCH_USER_PATHS = NO;
				ASSETCATALOG_COMPILER_GENERATE_SWIFT_ASSET_SYMBOL_EXTENSIONS = YES;
				CLANG_ANALYZER_NONNULL = YES;
				CLANG_ANALYZER_NUMBER_OBJECT_CONVERSION = YES_AGGRESSIVE;
				CLANG_CXX_LANGUAGE_STANDARD = "gnu++20";
				CLANG_ENABLE_MODULES = YES;
				CLANG_ENABLE_OBJC_ARC = YES;
				CLANG_ENABLE_OBJC_WEAK = YES;
				CLANG_WARN_BLOCK_CAPTURE_AUTORELEASING = YES;
				CLANG_WARN_BOOL_CONVERSION = YES;
				CLANG_WARN_COMMA = YES;
				CLANG_WARN_CONSTANT_CONVERSION = YES;
				CLANG_WARN_DEPRECATED_OBJC_IMPLEMENTATIONS = YES;
				CLANG_WARN_DIRECT_OBJC_ISA_USAGE = YES_ERROR;
				CLANG_WARN_DOCUMENTATION_COMMENTS = YES;
				CLANG_WARN_EMPTY_BODY = YES;
				CLANG_WARN_ENUM_CONVERSION = YES;
				CLANG_WARN_INFINITE_RECURSION = YES;
				CLANG_WARN_INT_CONVERSION = YES;
				CLANG_WARN_NON_LITERAL_NULL_CONVERSION = YES;
				CLANG_WARN_OBJC_IMPLICIT_RETAIN_SELF = YES;
				CLANG_WARN_OBJC_LITERAL_CONVERSION = YES;
				CLANG_WARN_OBJC_ROOT_CLASS = YES_ERROR;
				CLANG_WARN_QUOTED_INCLUDE_IN_FRAMEWORK_HEADER = YES;
				CLANG_WARN_RANGE_LOOP_ANALYSIS = YES;
				CLANG_WARN_STRICT_PROTOTYPES = YES;
				CLANG_WARN_SUSPICIOUS_MOVE = YES;
				CLANG_WARN_UNGUARDED_AVAILABILITY = YES_AGGRESSIVE;
				CLANG_WARN_UNREACHABLE_CODE = YES;
				CLANG_WARN__DUPLICATE_METHOD_MATCH = YES;
				COPY_PHASE_STRIP = NO;
				DEBUG_INFORMATION_FORMAT = dwarf;
				ENABLE_STRICT_OBJC_MSGSEND = YES;
				ENABLE_TESTABILITY = YES;
				ENABLE_USER_SCRIPT_SANDBOXING = YES;
				GCC_C_LANGUAGE_STANDARD = gnu17;
				GCC_DYNAMIC_NO_PIC = NO;
				GCC_NO_COMMON_BLOCKS = YES;
				GCC_OPTIMIZATION_LEVEL = 0;
				GCC_PREPROCESSOR_DEFINITIONS = (
					"DEBUG=1",
					"$(inherited)",
				);
				GCC_WARN_64_TO_32_BIT_CONVERSION = YES;
				GCC_WARN_ABOUT_RETURN_TYPE = YES_ERROR;
				GCC_WARN_UNDECLARED_SELECTOR = YES;
				GCC_WARN_UNINITIALIZED_AUTOS = YES_AGGRESSIVE;
				GCC_WARN_UNUSED_FUNCTION = YES;
				GCC_WARN_UNUSED_VARIABLE = YES;
				IPHONEOS_DEPLOYMENT_TARGET = 17.0;
				LOCALIZATION_PREFERS_STRING_CATALOGS = YES;
				MTL_ENABLE_DEBUG_INFO = INCLUDE_SOURCE;
				MTL_FAST_MATH = YES;
				ONLY_ACTIVE_ARCH = YES;
				SDKROOT = iphoneos;
				SWIFT_ACTIVE_COMPILATION_CONDITIONS = "DEBUG $(inherited)";
				SWIFT_OPTIMIZATION_LEVEL = "-Onone";
			};
			name = Debug;
		};
		4174CAD22ADDB22300BB2D17 /* Release */ = {
			isa = XCBuildConfiguration;
			buildSettings = {
				ALWAYS_SEARCH_USER_PATHS = NO;
				ASSETCATALOG_COMPILER_GENERATE_SWIFT_ASSET_SYMBOL_EXTENSIONS = YES;
				CLANG_ANALYZER_NONNULL = YES;
				CLANG_ANALYZER_NUMBER_OBJECT_CONVERSION = YES_AGGRESSIVE;
				CLANG_CXX_LANGUAGE_STANDARD = "gnu++20";
				CLANG_ENABLE_MODULES = YES;
				CLANG_ENABLE_OBJC_ARC = YES;
				CLANG_ENABLE_OBJC_WEAK = YES;
				CLANG_WARN_BLOCK_CAPTURE_AUTORELEASING = YES;
				CLANG_WARN_BOOL_CONVERSION = YES;
				CLANG_WARN_COMMA = YES;
				CLANG_WARN_CONSTANT_CONVERSION = YES;
				CLANG_WARN_DEPRECATED_OBJC_IMPLEMENTATIONS = YES;
				CLANG_WARN_DIRECT_OBJC_ISA_USAGE = YES_ERROR;
				CLANG_WARN_DOCUMENTATION_COMMENTS = YES;
				CLANG_WARN_EMPTY_BODY = YES;
				CLANG_WARN_ENUM_CONVERSION = YES;
				CLANG_WARN_INFINITE_RECURSION = YES;
				CLANG_WARN_INT_CONVERSION = YES;
				CLANG_WARN_NON_LITERAL_NULL_CONVERSION = YES;
				CLANG_WARN_OBJC_IMPLICIT_RETAIN_SELF = YES;
				CLANG_WARN_OBJC_LITERAL_CONVERSION = YES;
				CLANG_WARN_OBJC_ROOT_CLASS = YES_ERROR;
				CLANG_WARN_QUOTED_INCLUDE_IN_FRAMEWORK_HEADER = YES;
				CLANG_WARN_RANGE_LOOP_ANALYSIS = YES;
				CLANG_WARN_STRICT_PROTOTYPES = YES;
				CLANG_WARN_SUSPICIOUS_MOVE = YES;
				CLANG_WARN_UNGUARDED_AVAILABILITY = YES_AGGRESSIVE;
				CLANG_WARN_UNREACHABLE_CODE = YES;
				CLANG_WARN__DUPLICATE_METHOD_MATCH = YES;
				COPY_PHASE_STRIP = NO;
				DEBUG_INFORMATION_FORMAT = "dwarf-with-dsym";
				ENABLE_NS_ASSERTIONS = NO;
				ENABLE_STRICT_OBJC_MSGSEND = YES;
				ENABLE_USER_SCRIPT_SANDBOXING = YES;
				GCC_C_LANGUAGE_STANDARD = gnu17;
				GCC_NO_COMMON_BLOCKS = YES;
				GCC_WARN_64_TO_32_BIT_CONVERSION = YES;
				GCC_WARN_ABOUT_RETURN_TYPE = YES_ERROR;
				GCC_WARN_UNDECLARED_SELECTOR = YES;
				GCC_WARN_UNINITIALIZED_AUTOS = YES_AGGRESSIVE;
				GCC_WARN_UNUSED_FUNCTION = YES;
				GCC_WARN_UNUSED_VARIABLE = YES;
				IPHONEOS_DEPLOYMENT_TARGET = 17.0;
				LOCALIZATION_PREFERS_STRING_CATALOGS = YES;
				MTL_ENABLE_DEBUG_INFO = NO;
				MTL_FAST_MATH = YES;
				SDKROOT = iphoneos;
				SWIFT_COMPILATION_MODE = wholemodule;
				VALIDATE_PRODUCT = YES;
			};
			name = Release;
		};
		4174CAD42ADDB22300BB2D17 /* Debug */ = {
			isa = XCBuildConfiguration;
			buildSettings = {
				ASSETCATALOG_COMPILER_APPICON_NAME = AppIcon;
				ASSETCATALOG_COMPILER_GLOBAL_ACCENT_COLOR_NAME = AccentColor;
				CODE_SIGN_STYLE = Automatic;
				CURRENT_PROJECT_VERSION = 1;
				DEVELOPMENT_TEAM = H6A8FF2GG8;
				GENERATE_INFOPLIST_FILE = YES;
				INFOPLIST_FILE = "MVVM Movie/Info.plist";
				INFOPLIST_KEY_UIApplicationSupportsIndirectInputEvents = YES;
				INFOPLIST_KEY_UILaunchStoryboardName = LaunchScreen;
				INFOPLIST_KEY_UISupportedInterfaceOrientations_iPad = "UIInterfaceOrientationPortrait UIInterfaceOrientationPortraitUpsideDown UIInterfaceOrientationLandscapeLeft UIInterfaceOrientationLandscapeRight";
				INFOPLIST_KEY_UISupportedInterfaceOrientations_iPhone = "UIInterfaceOrientationPortrait UIInterfaceOrientationLandscapeLeft UIInterfaceOrientationLandscapeRight";
				LD_RUNPATH_SEARCH_PATHS = (
					"$(inherited)",
					"@executable_path/Frameworks",
				);
				MARKETING_VERSION = 1.0;
				PRODUCT_BUNDLE_IDENTIFIER = "keremdemir.MVVM-Movie";
				PRODUCT_NAME = "$(TARGET_NAME)";
				SWIFT_EMIT_LOC_STRINGS = YES;
				SWIFT_VERSION = 5.0;
				TARGETED_DEVICE_FAMILY = "1,2";
			};
			name = Debug;
		};
		4174CAD52ADDB22300BB2D17 /* Release */ = {
			isa = XCBuildConfiguration;
			buildSettings = {
				ASSETCATALOG_COMPILER_APPICON_NAME = AppIcon;
				ASSETCATALOG_COMPILER_GLOBAL_ACCENT_COLOR_NAME = AccentColor;
				CODE_SIGN_STYLE = Automatic;
				CURRENT_PROJECT_VERSION = 1;
				DEVELOPMENT_TEAM = H6A8FF2GG8;
				GENERATE_INFOPLIST_FILE = YES;
				INFOPLIST_FILE = "MVVM Movie/Info.plist";
				INFOPLIST_KEY_UIApplicationSupportsIndirectInputEvents = YES;
				INFOPLIST_KEY_UILaunchStoryboardName = LaunchScreen;
				INFOPLIST_KEY_UISupportedInterfaceOrientations_iPad = "UIInterfaceOrientationPortrait UIInterfaceOrientationPortraitUpsideDown UIInterfaceOrientationLandscapeLeft UIInterfaceOrientationLandscapeRight";
				INFOPLIST_KEY_UISupportedInterfaceOrientations_iPhone = "UIInterfaceOrientationPortrait UIInterfaceOrientationLandscapeLeft UIInterfaceOrientationLandscapeRight";
				LD_RUNPATH_SEARCH_PATHS = (
					"$(inherited)",
					"@executable_path/Frameworks",
				);
				MARKETING_VERSION = 1.0;
				PRODUCT_BUNDLE_IDENTIFIER = "keremdemir.MVVM-Movie";
				PRODUCT_NAME = "$(TARGET_NAME)";
				SWIFT_EMIT_LOC_STRINGS = YES;
				SWIFT_VERSION = 5.0;
				TARGETED_DEVICE_FAMILY = "1,2";
			};
			name = Release;
		};
/* End XCBuildConfiguration section */

/* Begin XCConfigurationList section */
		4174CABA2ADDB22100BB2D17 /* Build configuration list for PBXProject "MVVM Movie" */ = {
			isa = XCConfigurationList;
			buildConfigurations = (
				4174CAD12ADDB22300BB2D17 /* Debug */,
				4174CAD22ADDB22300BB2D17 /* Release */,
			);
			defaultConfigurationIsVisible = 0;
			defaultConfigurationName = Release;
		};
		4174CAD32ADDB22300BB2D17 /* Build configuration list for PBXNativeTarget "MVVM Movie" */ = {
			isa = XCConfigurationList;
			buildConfigurations = (
				4174CAD42ADDB22300BB2D17 /* Debug */,
				4174CAD52ADDB22300BB2D17 /* Release */,
			);
			defaultConfigurationIsVisible = 0;
			defaultConfigurationName = Release;
		};
/* End XCConfigurationList section */

/* Begin XCRemoteSwiftPackageReference section */
		41E02E562AE6E8680055513D /* XCRemoteSwiftPackageReference "SDWebImage" */ = {
			isa = XCRemoteSwiftPackageReference;
			repositoryURL = "https://github.com/SDWebImage/SDWebImage.git";
			requirement = {
				kind = upToNextMajorVersion;
				minimumVersion = 5.18.3;
			};
		};
/* End XCRemoteSwiftPackageReference section */

/* Begin XCSwiftPackageProductDependency section */
		41E02E572AE6E8680055513D /* SDWebImage */ = {
			isa = XCSwiftPackageProductDependency;
			package = 41E02E562AE6E8680055513D /* XCRemoteSwiftPackageReference "SDWebImage" */;
			productName = SDWebImage;
		};
		41E02E592AE6E8680055513D /* SDWebImageMapKit */ = {
			isa = XCSwiftPackageProductDependency;
			package = 41E02E562AE6E8680055513D /* XCRemoteSwiftPackageReference "SDWebImage" */;
			productName = SDWebImageMapKit;
		};
/* End XCSwiftPackageProductDependency section */
	};
	rootObject = 4174CAB72ADDB22100BB2D17 /* Project object */;
}
